// !$*UTF8*$!
{
	archiveVersion = 1;
	classes = {
	};
	objectVersion = 50;
	objects = {

/* Begin PBXBuildFile section */
		651409C32214A30100316A9D /* GameType.swift in Sources */ = {isa = PBXBuildFile; fileRef = 651409C22214A30100316A9D /* GameType.swift */; };
		651409C52214A5D300316A9D /* Player.swift in Sources */ = {isa = PBXBuildFile; fileRef = 651409C42214A5D300316A9D /* Player.swift */; };
		651409C72214A7CE00316A9D /* Board.swift in Sources */ = {isa = PBXBuildFile; fileRef = 651409C62214A7CE00316A9D /* Board.swift */; };
		651409C92214A7FC00316A9D /* Play.swift in Sources */ = {isa = PBXBuildFile; fileRef = 651409C82214A7FC00316A9D /* Play.swift */; };
		65815272220F807C0016FE70 /* AppDelegate.swift in Sources */ = {isa = PBXBuildFile; fileRef = 65815271220F807C0016FE70 /* AppDelegate.swift */; };
		65815274220F807C0016FE70 /* GameScene.sks in Resources */ = {isa = PBXBuildFile; fileRef = 65815273220F807C0016FE70 /* GameScene.sks */; };
		65815276220F807C0016FE70 /* Actions.sks in Resources */ = {isa = PBXBuildFile; fileRef = 65815275220F807C0016FE70 /* Actions.sks */; };
		65815278220F807C0016FE70 /* GameScene.swift in Sources */ = {isa = PBXBuildFile; fileRef = 65815277220F807C0016FE70 /* GameScene.swift */; };
		6581527A220F807C0016FE70 /* ViewController.swift in Sources */ = {isa = PBXBuildFile; fileRef = 65815279220F807C0016FE70 /* ViewController.swift */; };
		6581527C220F807D0016FE70 /* Assets.xcassets in Resources */ = {isa = PBXBuildFile; fileRef = 6581527B220F807D0016FE70 /* Assets.xcassets */; };
		6581527F220F807D0016FE70 /* Main.storyboard in Resources */ = {isa = PBXBuildFile; fileRef = 6581527D220F807D0016FE70 /* Main.storyboard */; };
		6581528B220F807D0016FE70 /* EscobaMacTests.swift in Sources */ = {isa = PBXBuildFile; fileRef = 6581528A220F807D0016FE70 /* EscobaMacTests.swift */; };
		65815296220F81580016FE70 /* GameManager.swift in Sources */ = {isa = PBXBuildFile; fileRef = 65815295220F81580016FE70 /* GameManager.swift */; };
		65815298220F816E0016FE70 /* Hand.swift in Sources */ = {isa = PBXBuildFile; fileRef = 65815297220F816E0016FE70 /* Hand.swift */; };
		6581529A220F817B0016FE70 /* Card.swift in Sources */ = {isa = PBXBuildFile; fileRef = 65815299220F817B0016FE70 /* Card.swift */; };
		6581529C220F82A80016FE70 /* Palo.swift in Sources */ = {isa = PBXBuildFile; fileRef = 6581529B220F82A80016FE70 /* Palo.swift */; };
		6581529E220F84CB0016FE70 /* BaseCard.swift in Sources */ = {isa = PBXBuildFile; fileRef = 6581529D220F84CB0016FE70 /* BaseCard.swift */; };
		658152A022135C790016FE70 /* Errors.swift in Sources */ = {isa = PBXBuildFile; fileRef = 6581529F22135C790016FE70 /* Errors.swift */; };
		658152A222135FA80016FE70 /* Deck.swift in Sources */ = {isa = PBXBuildFile; fileRef = 658152A122135FA80016FE70 /* Deck.swift */; };
		658152A42213604C0016FE70 /* EscobaCard.swift in Sources */ = {isa = PBXBuildFile; fileRef = 658152A32213604C0016FE70 /* EscobaCard.swift */; };
		658152A7221362860016FE70 /* DeckType.swift in Sources */ = {isa = PBXBuildFile; fileRef = 658152A6221362860016FE70 /* DeckType.swift */; };
		658152A9221362A30016FE70 /* DeckFactory.swift in Sources */ = {isa = PBXBuildFile; fileRef = 658152A8221362A30016FE70 /* DeckFactory.swift */; };
		65C22CFB221CBD5C00DDADAF /* Team.swift in Sources */ = {isa = PBXBuildFile; fileRef = 65C22CFA221CBD5B00DDADAF /* Team.swift */; };
/* End PBXBuildFile section */

/* Begin PBXContainerItemProxy section */
		65815287220F807D0016FE70 /* PBXContainerItemProxy */ = {
			isa = PBXContainerItemProxy;
			containerPortal = 65815266220F807C0016FE70 /* Project object */;
			proxyType = 1;
			remoteGlobalIDString = 6581526D220F807C0016FE70;
			remoteInfo = EscobaMac;
		};
/* End PBXContainerItemProxy section */

/* Begin PBXFileReference section */
		651409C22214A30100316A9D /* GameType.swift */ = {isa = PBXFileReference; lastKnownFileType = sourcecode.swift; path = GameType.swift; sourceTree = "<group>"; };
		651409C42214A5D300316A9D /* Player.swift */ = {isa = PBXFileReference; lastKnownFileType = sourcecode.swift; path = Player.swift; sourceTree = "<group>"; };
		651409C62214A7CE00316A9D /* Board.swift */ = {isa = PBXFileReference; lastKnownFileType = sourcecode.swift; path = Board.swift; sourceTree = "<group>"; };
		651409C82214A7FC00316A9D /* Play.swift */ = {isa = PBXFileReference; lastKnownFileType = sourcecode.swift; path = Play.swift; sourceTree = "<group>"; };
		6581526E220F807C0016FE70 /* EscobaMac.app */ = {isa = PBXFileReference; explicitFileType = wrapper.application; includeInIndex = 0; path = EscobaMac.app; sourceTree = BUILT_PRODUCTS_DIR; };
		65815271220F807C0016FE70 /* AppDelegate.swift */ = {isa = PBXFileReference; lastKnownFileType = sourcecode.swift; path = AppDelegate.swift; sourceTree = "<group>"; };
		65815273220F807C0016FE70 /* GameScene.sks */ = {isa = PBXFileReference; lastKnownFileType = file.sks; path = GameScene.sks; sourceTree = "<group>"; };
		65815275220F807C0016FE70 /* Actions.sks */ = {isa = PBXFileReference; lastKnownFileType = file.sks; path = Actions.sks; sourceTree = "<group>"; };
		65815277220F807C0016FE70 /* GameScene.swift */ = {isa = PBXFileReference; lastKnownFileType = sourcecode.swift; path = GameScene.swift; sourceTree = "<group>"; };
		65815279220F807C0016FE70 /* ViewController.swift */ = {isa = PBXFileReference; lastKnownFileType = sourcecode.swift; path = ViewController.swift; sourceTree = "<group>"; };
		6581527B220F807D0016FE70 /* Assets.xcassets */ = {isa = PBXFileReference; lastKnownFileType = folder.assetcatalog; path = Assets.xcassets; sourceTree = "<group>"; };
		6581527E220F807D0016FE70 /* Base */ = {isa = PBXFileReference; lastKnownFileType = file.storyboard; name = Base; path = Base.lproj/Main.storyboard; sourceTree = "<group>"; };
		65815280220F807D0016FE70 /* Info.plist */ = {isa = PBXFileReference; lastKnownFileType = text.plist.xml; path = Info.plist; sourceTree = "<group>"; };
		65815281220F807D0016FE70 /* EscobaMac.entitlements */ = {isa = PBXFileReference; lastKnownFileType = text.plist.entitlements; path = EscobaMac.entitlements; sourceTree = "<group>"; };
		65815286220F807D0016FE70 /* EscobaMacTests.xctest */ = {isa = PBXFileReference; explicitFileType = wrapper.cfbundle; includeInIndex = 0; path = EscobaMacTests.xctest; sourceTree = BUILT_PRODUCTS_DIR; };
		6581528A220F807D0016FE70 /* EscobaMacTests.swift */ = {isa = PBXFileReference; lastKnownFileType = sourcecode.swift; path = EscobaMacTests.swift; sourceTree = "<group>"; };
		6581528C220F807D0016FE70 /* Info.plist */ = {isa = PBXFileReference; lastKnownFileType = text.plist.xml; path = Info.plist; sourceTree = "<group>"; };
		65815295220F81580016FE70 /* GameManager.swift */ = {isa = PBXFileReference; lastKnownFileType = sourcecode.swift; path = GameManager.swift; sourceTree = "<group>"; };
		65815297220F816E0016FE70 /* Hand.swift */ = {isa = PBXFileReference; lastKnownFileType = sourcecode.swift; path = Hand.swift; sourceTree = "<group>"; };
		65815299220F817B0016FE70 /* Card.swift */ = {isa = PBXFileReference; lastKnownFileType = sourcecode.swift; path = Card.swift; sourceTree = "<group>"; };
		6581529B220F82A80016FE70 /* Palo.swift */ = {isa = PBXFileReference; lastKnownFileType = sourcecode.swift; path = Palo.swift; sourceTree = "<group>"; };
		6581529D220F84CB0016FE70 /* BaseCard.swift */ = {isa = PBXFileReference; lastKnownFileType = sourcecode.swift; path = BaseCard.swift; sourceTree = "<group>"; };
		6581529F22135C790016FE70 /* Errors.swift */ = {isa = PBXFileReference; lastKnownFileType = sourcecode.swift; path = Errors.swift; sourceTree = "<group>"; };
		658152A122135FA80016FE70 /* Deck.swift */ = {isa = PBXFileReference; lastKnownFileType = sourcecode.swift; path = Deck.swift; sourceTree = "<group>"; };
		658152A32213604C0016FE70 /* EscobaCard.swift */ = {isa = PBXFileReference; lastKnownFileType = sourcecode.swift; path = EscobaCard.swift; sourceTree = "<group>"; };
		658152A6221362860016FE70 /* DeckType.swift */ = {isa = PBXFileReference; lastKnownFileType = sourcecode.swift; path = DeckType.swift; sourceTree = "<group>"; };
		658152A8221362A30016FE70 /* DeckFactory.swift */ = {isa = PBXFileReference; lastKnownFileType = sourcecode.swift; path = DeckFactory.swift; sourceTree = "<group>"; };
		65C22CFA221CBD5B00DDADAF /* Team.swift */ = {isa = PBXFileReference; lastKnownFileType = sourcecode.swift; path = Team.swift; sourceTree = "<group>"; };
/* End PBXFileReference section */

/* Begin PBXFrameworksBuildPhase section */
		6581526B220F807C0016FE70 /* Frameworks */ = {
			isa = PBXFrameworksBuildPhase;
			buildActionMask = 2147483647;
			files = (
			);
			runOnlyForDeploymentPostprocessing = 0;
		};
		65815283220F807D0016FE70 /* Frameworks */ = {
			isa = PBXFrameworksBuildPhase;
			buildActionMask = 2147483647;
			files = (
			);
			runOnlyForDeploymentPostprocessing = 0;
		};
/* End PBXFrameworksBuildPhase section */

/* Begin PBXGroup section */
		65815265220F807C0016FE70 = {
			isa = PBXGroup;
			children = (
				65815270220F807C0016FE70 /* EscobaMac */,
				65815289220F807D0016FE70 /* EscobaMacTests */,
				6581526F220F807C0016FE70 /* Products */,
			);
			sourceTree = "<group>";
		};
		6581526F220F807C0016FE70 /* Products */ = {
			isa = PBXGroup;
			children = (
				6581526E220F807C0016FE70 /* EscobaMac.app */,
				65815286220F807D0016FE70 /* EscobaMacTests.xctest */,
			);
			name = Products;
			sourceTree = "<group>";
		};
		65815270220F807C0016FE70 /* EscobaMac */ = {
			isa = PBXGroup;
			children = (
				65815271220F807C0016FE70 /* AppDelegate.swift */,
				65815273220F807C0016FE70 /* GameScene.sks */,
				65815275220F807C0016FE70 /* Actions.sks */,
				65815277220F807C0016FE70 /* GameScene.swift */,
				65815279220F807C0016FE70 /* ViewController.swift */,
				65815297220F816E0016FE70 /* Hand.swift */,
				6581529F22135C790016FE70 /* Errors.swift */,
				651409C22214A30100316A9D /* GameType.swift */,
				65815299220F817B0016FE70 /* Card.swift */,
				651409C82214A7FC00316A9D /* Play.swift */,
				651409C62214A7CE00316A9D /* Board.swift */,
				658152A32213604C0016FE70 /* EscobaCard.swift */,
				6581529D220F84CB0016FE70 /* BaseCard.swift */,
				651409C42214A5D300316A9D /* Player.swift */,
				65C22CFA221CBD5B00DDADAF /* Team.swift */,
				6581529B220F82A80016FE70 /* Palo.swift */,
				65815295220F81580016FE70 /* GameManager.swift */,
				658152A5221362730016FE70 /* Deck */,
				6581527B220F807D0016FE70 /* Assets.xcassets */,
				6581527D220F807D0016FE70 /* Main.storyboard */,
				65815280220F807D0016FE70 /* Info.plist */,
				65815281220F807D0016FE70 /* EscobaMac.entitlements */,
			);
			path = EscobaMac;
			sourceTree = "<group>";
		};
		65815289220F807D0016FE70 /* EscobaMacTests */ = {
			isa = PBXGroup;
			children = (
				6581528A220F807D0016FE70 /* EscobaMacTests.swift */,
				6581528C220F807D0016FE70 /* Info.plist */,
			);
			path = EscobaMacTests;
			sourceTree = "<group>";
		};
		658152A5221362730016FE70 /* Deck */ = {
			isa = PBXGroup;
			children = (
				658152A122135FA80016FE70 /* Deck.swift */,
				658152A6221362860016FE70 /* DeckType.swift */,
				658152A8221362A30016FE70 /* DeckFactory.swift */,
			);
			path = Deck;
			sourceTree = "<group>";
		};
/* End PBXGroup section */

/* Begin PBXNativeTarget section */
		6581526D220F807C0016FE70 /* EscobaMac */ = {
			isa = PBXNativeTarget;
			buildConfigurationList = 6581528F220F807D0016FE70 /* Build configuration list for PBXNativeTarget "EscobaMac" */;
			buildPhases = (
				6581526A220F807C0016FE70 /* Sources */,
				6581526B220F807C0016FE70 /* Frameworks */,
				6581526C220F807C0016FE70 /* Resources */,
			);
			buildRules = (
			);
			dependencies = (
			);
			name = EscobaMac;
			productName = EscobaMac;
			productReference = 6581526E220F807C0016FE70 /* EscobaMac.app */;
			productType = "com.apple.product-type.application";
		};
		65815285220F807D0016FE70 /* EscobaMacTests */ = {
			isa = PBXNativeTarget;
			buildConfigurationList = 65815292220F807D0016FE70 /* Build configuration list for PBXNativeTarget "EscobaMacTests" */;
			buildPhases = (
				65815282220F807D0016FE70 /* Sources */,
				65815283220F807D0016FE70 /* Frameworks */,
				65815284220F807D0016FE70 /* Resources */,
			);
			buildRules = (
			);
			dependencies = (
				65815288220F807D0016FE70 /* PBXTargetDependency */,
			);
			name = EscobaMacTests;
			productName = EscobaMacTests;
			productReference = 65815286220F807D0016FE70 /* EscobaMacTests.xctest */;
			productType = "com.apple.product-type.bundle.unit-test";
		};
/* End PBXNativeTarget section */

/* Begin PBXProject section */
		65815266220F807C0016FE70 /* Project object */ = {
			isa = PBXProject;
			attributes = {
				LastSwiftUpdateCheck = 1010;
				LastUpgradeCheck = 1010;
				ORGANIZATIONNAME = "Juan Cruz Lepore";
				TargetAttributes = {
					6581526D220F807C0016FE70 = {
						CreatedOnToolsVersion = 10.1;
					};
					65815285220F807D0016FE70 = {
						CreatedOnToolsVersion = 10.1;
						TestTargetID = 6581526D220F807C0016FE70;
					};
				};
			};
			buildConfigurationList = 65815269220F807C0016FE70 /* Build configuration list for PBXProject "EscobaMac" */;
			compatibilityVersion = "Xcode 9.3";
			developmentRegion = en;
			hasScannedForEncodings = 0;
			knownRegions = (
				en,
				Base,
			);
			mainGroup = 65815265220F807C0016FE70;
			productRefGroup = 6581526F220F807C0016FE70 /* Products */;
			projectDirPath = "";
			projectRoot = "";
			targets = (
				6581526D220F807C0016FE70 /* EscobaMac */,
				65815285220F807D0016FE70 /* EscobaMacTests */,
			);
		};
/* End PBXProject section */

/* Begin PBXResourcesBuildPhase section */
		6581526C220F807C0016FE70 /* Resources */ = {
			isa = PBXResourcesBuildPhase;
			buildActionMask = 2147483647;
			files = (
				65815274220F807C0016FE70 /* GameScene.sks in Resources */,
				6581527C220F807D0016FE70 /* Assets.xcassets in Resources */,
				65815276220F807C0016FE70 /* Actions.sks in Resources */,
				6581527F220F807D0016FE70 /* Main.storyboard in Resources */,
			);
			runOnlyForDeploymentPostprocessing = 0;
		};
		65815284220F807D0016FE70 /* Resources */ = {
			isa = PBXResourcesBuildPhase;
			buildActionMask = 2147483647;
			files = (
			);
			runOnlyForDeploymentPostprocessing = 0;
		};
/* End PBXResourcesBuildPhase section */

/* Begin PBXSourcesBuildPhase section */
		6581526A220F807C0016FE70 /* Sources */ = {
			isa = PBXSourcesBuildPhase;
			buildActionMask = 2147483647;
			files = (
				65C22CFB221CBD5C00DDADAF /* Team.swift in Sources */,
				6581527A220F807C0016FE70 /* ViewController.swift in Sources */,
				6581529A220F817B0016FE70 /* Card.swift in Sources */,
				658152A222135FA80016FE70 /* Deck.swift in Sources */,
				65815298220F816E0016FE70 /* Hand.swift in Sources */,
				65815296220F81580016FE70 /* GameManager.swift in Sources */,
				6581529C220F82A80016FE70 /* Palo.swift in Sources */,
				651409C92214A7FC00316A9D /* Play.swift in Sources */,
				658152A7221362860016FE70 /* DeckType.swift in Sources */,
				65815278220F807C0016FE70 /* GameScene.swift in Sources */,
				658152A9221362A30016FE70 /* DeckFactory.swift in Sources */,
				651409C32214A30100316A9D /* GameType.swift in Sources */,
				658152A42213604C0016FE70 /* EscobaCard.swift in Sources */,
				6581529E220F84CB0016FE70 /* BaseCard.swift in Sources */,
				658152A022135C790016FE70 /* Errors.swift in Sources */,
				651409C52214A5D300316A9D /* Player.swift in Sources */,
				651409C72214A7CE00316A9D /* Board.swift in Sources */,
				65815272220F807C0016FE70 /* AppDelegate.swift in Sources */,
			);
			runOnlyForDeploymentPostprocessing = 0;
		};
		65815282220F807D0016FE70 /* Sources */ = {
			isa = PBXSourcesBuildPhase;
			buildActionMask = 2147483647;
			files = (
				6581528B220F807D0016FE70 /* EscobaMacTests.swift in Sources */,
			);
			runOnlyForDeploymentPostprocessing = 0;
		};
/* End PBXSourcesBuildPhase section */

/* Begin PBXTargetDependency section */
		65815288220F807D0016FE70 /* PBXTargetDependency */ = {
			isa = PBXTargetDependency;
			target = 6581526D220F807C0016FE70 /* EscobaMac */;
			targetProxy = 65815287220F807D0016FE70 /* PBXContainerItemProxy */;
		};
/* End PBXTargetDependency section */

/* Begin PBXVariantGroup section */
		6581527D220F807D0016FE70 /* Main.storyboard */ = {
			isa = PBXVariantGroup;
			children = (
				6581527E220F807D0016FE70 /* Base */,
			);
			name = Main.storyboard;
			sourceTree = "<group>";
		};
/* End PBXVariantGroup section */

/* Begin XCBuildConfiguration section */
		6581528D220F807D0016FE70 /* Debug */ = {
			isa = XCBuildConfiguration;
			buildSettings = {
				ALWAYS_SEARCH_USER_PATHS = NO;
				CLANG_ANALYZER_NONNULL = YES;
				CLANG_ANALYZER_NUMBER_OBJECT_CONVERSION = YES_AGGRESSIVE;
				CLANG_CXX_LANGUAGE_STANDARD = "gnu++14";
				CLANG_CXX_LIBRARY = "libc++";
				CLANG_ENABLE_MODULES = YES;
				CLANG_ENABLE_OBJC_ARC = YES;
				CLANG_ENABLE_OBJC_WEAK = YES;
				CLANG_WARN_BLOCK_CAPTURE_AUTORELEASING = YES;
				CLANG_WARN_BOOL_CONVERSION = YES;
				CLANG_WARN_COMMA = YES;
				CLANG_WARN_CONSTANT_CONVERSION = YES;
				CLANG_WARN_DEPRECATED_OBJC_IMPLEMENTATIONS = YES;
				CLANG_WARN_DIRECT_OBJC_ISA_USAGE = YES_ERROR;
				CLANG_WARN_DOCUMENTATION_COMMENTS = YES;
				CLANG_WARN_EMPTY_BODY = YES;
				CLANG_WARN_ENUM_CONVERSION = YES;
				CLANG_WARN_INFINITE_RECURSION = YES;
				CLANG_WARN_INT_CONVERSION = YES;
				CLANG_WARN_NON_LITERAL_NULL_CONVERSION = YES;
				CLANG_WARN_OBJC_IMPLICIT_RETAIN_SELF = YES;
				CLANG_WARN_OBJC_LITERAL_CONVERSION = YES;
				CLANG_WARN_OBJC_ROOT_CLASS = YES_ERROR;
				CLANG_WARN_RANGE_LOOP_ANALYSIS = YES;
				CLANG_WARN_STRICT_PROTOTYPES = YES;
				CLANG_WARN_SUSPICIOUS_MOVE = YES;
				CLANG_WARN_UNGUARDED_AVAILABILITY = YES_AGGRESSIVE;
				CLANG_WARN_UNREACHABLE_CODE = YES;
				CLANG_WARN__DUPLICATE_METHOD_MATCH = YES;
				CODE_SIGN_IDENTITY = "Mac Developer";
				COPY_PHASE_STRIP = NO;
				DEBUG_INFORMATION_FORMAT = dwarf;
				ENABLE_STRICT_OBJC_MSGSEND = YES;
				ENABLE_TESTABILITY = YES;
				GCC_C_LANGUAGE_STANDARD = gnu11;
				GCC_DYNAMIC_NO_PIC = NO;
				GCC_NO_COMMON_BLOCKS = YES;
				GCC_OPTIMIZATION_LEVEL = 0;
				GCC_PREPROCESSOR_DEFINITIONS = (
					"DEBUG=1",
					"$(inherited)",
				);
				GCC_WARN_64_TO_32_BIT_CONVERSION = YES;
				GCC_WARN_ABOUT_RETURN_TYPE = YES_ERROR;
				GCC_WARN_UNDECLARED_SELECTOR = YES;
				GCC_WARN_UNINITIALIZED_AUTOS = YES_AGGRESSIVE;
				GCC_WARN_UNUSED_FUNCTION = YES;
				GCC_WARN_UNUSED_VARIABLE = YES;
				MACOSX_DEPLOYMENT_TARGET = 10.14;
				MTL_ENABLE_DEBUG_INFO = INCLUDE_SOURCE;
				MTL_FAST_MATH = YES;
				ONLY_ACTIVE_ARCH = YES;
				SDKROOT = macosx;
				SWIFT_ACTIVE_COMPILATION_CONDITIONS = DEBUG;
				SWIFT_OPTIMIZATION_LEVEL = "-Onone";
			};
			name = Debug;
		};
		6581528E220F807D0016FE70 /* Release */ = {
			isa = XCBuildConfiguration;
			buildSettings = {
				ALWAYS_SEARCH_USER_PATHS = NO;
				CLANG_ANALYZER_NONNULL = YES;
				CLANG_ANALYZER_NUMBER_OBJECT_CONVERSION = YES_AGGRESSIVE;
				CLANG_CXX_LANGUAGE_STANDARD = "gnu++14";
				CLANG_CXX_LIBRARY = "libc++";
				CLANG_ENABLE_MODULES = YES;
				CLANG_ENABLE_OBJC_ARC = YES;
				CLANG_ENABLE_OBJC_WEAK = YES;
				CLANG_WARN_BLOCK_CAPTURE_AUTORELEASING = YES;
				CLANG_WARN_BOOL_CONVERSION = YES;
				CLANG_WARN_COMMA = YES;
				CLANG_WARN_CONSTANT_CONVERSION = YES;
				CLANG_WARN_DEPRECATED_OBJC_IMPLEMENTATIONS = YES;
				CLANG_WARN_DIRECT_OBJC_ISA_USAGE = YES_ERROR;
				CLANG_WARN_DOCUMENTATION_COMMENTS = YES;
				CLANG_WARN_EMPTY_BODY = YES;
				CLANG_WARN_ENUM_CONVERSION = YES;
				CLANG_WARN_INFINITE_RECURSION = YES;
				CLANG_WARN_INT_CONVERSION = YES;
				CLANG_WARN_NON_LITERAL_NULL_CONVERSION = YES;
				CLANG_WARN_OBJC_IMPLICIT_RETAIN_SELF = YES;
				CLANG_WARN_OBJC_LITERAL_CONVERSION = YES;
				CLANG_WARN_OBJC_ROOT_CLASS = YES_ERROR;
				CLANG_WARN_RANGE_LOOP_ANALYSIS = YES;
				CLANG_WARN_STRICT_PROTOTYPES = YES;
				CLANG_WARN_SUSPICIOUS_MOVE = YES;
				CLANG_WARN_UNGUARDED_AVAILABILITY = YES_AGGRESSIVE;
				CLANG_WARN_UNREACHABLE_CODE = YES;
				CLANG_WARN__DUPLICATE_METHOD_MATCH = YES;
				CODE_SIGN_IDENTITY = "Mac Developer";
				COPY_PHASE_STRIP = NO;
				DEBUG_INFORMATION_FORMAT = "dwarf-with-dsym";
				ENABLE_NS_ASSERTIONS = NO;
				ENABLE_STRICT_OBJC_MSGSEND = YES;
				GCC_C_LANGUAGE_STANDARD = gnu11;
				GCC_NO_COMMON_BLOCKS = YES;
				GCC_WARN_64_TO_32_BIT_CONVERSION = YES;
				GCC_WARN_ABOUT_RETURN_TYPE = YES_ERROR;
				GCC_WARN_UNDECLARED_SELECTOR = YES;
				GCC_WARN_UNINITIALIZED_AUTOS = YES_AGGRESSIVE;
				GCC_WARN_UNUSED_FUNCTION = YES;
				GCC_WARN_UNUSED_VARIABLE = YES;
				MACOSX_DEPLOYMENT_TARGET = 10.14;
				MTL_ENABLE_DEBUG_INFO = NO;
				MTL_FAST_MATH = YES;
				SDKROOT = macosx;
				SWIFT_COMPILATION_MODE = wholemodule;
				SWIFT_OPTIMIZATION_LEVEL = "-O";
			};
			name = Release;
		};
		65815290220F807D0016FE70 /* Debug */ = {
			isa = XCBuildConfiguration;
			buildSettings = {
				ASSETCATALOG_COMPILER_APPICON_NAME = AppIcon;
				CODE_SIGN_ENTITLEMENTS = EscobaMac/EscobaMac.entitlements;
				CODE_SIGN_STYLE = Automatic;
				COMBINE_HIDPI_IMAGES = YES;
				DEVELOPMENT_TEAM = PLY5RP22RG;
				INFOPLIST_FILE = EscobaMac/Info.plist;
				LD_RUNPATH_SEARCH_PATHS = (
					"$(inherited)",
					"@executable_path/../Frameworks",
				);
				PRODUCT_BUNDLE_IDENTIFIER = jcl.EscobaMac;
				PRODUCT_NAME = "$(TARGET_NAME)";
				SWIFT_VERSION = 4.2;
			};
			name = Debug;
		};
		65815291220F807D0016FE70 /* Release */ = {
			isa = XCBuildConfiguration;
			buildSettings = {
				ASSETCATALOG_COMPILER_APPICON_NAME = AppIcon;
				CODE_SIGN_ENTITLEMENTS = EscobaMac/EscobaMac.entitlements;
				CODE_SIGN_STYLE = Automatic;
				COMBINE_HIDPI_IMAGES = YES;
				DEVELOPMENT_TEAM = PLY5RP22RG;
				INFOPLIST_FILE = EscobaMac/Info.plist;
				LD_RUNPATH_SEARCH_PATHS = (
					"$(inherited)",
					"@executable_path/../Frameworks",
				);
				PRODUCT_BUNDLE_IDENTIFIER = jcl.EscobaMac;
				PRODUCT_NAME = "$(TARGET_NAME)";
				SWIFT_VERSION = 4.2;
			};
			name = Release;
		};
		65815293220F807D0016FE70 /* Debug */ = {
			isa = XCBuildConfiguration;
			buildSettings = {
				ALWAYS_EMBED_SWIFT_STANDARD_LIBRARIES = YES;
				BUNDLE_LOADER = "$(TEST_HOST)";
				CODE_SIGN_STYLE = Automatic;
				COMBINE_HIDPI_IMAGES = YES;
				DEVELOPMENT_TEAM = PLY5RP22RG;
				INFOPLIST_FILE = EscobaMacTests/Info.plist;
				LD_RUNPATH_SEARCH_PATHS = (
					"$(inherited)",
					"@executable_path/../Frameworks",
					"@loader_path/../Frameworks",
				);
				PRODUCT_BUNDLE_IDENTIFIER = jcl.EscobaMacTests;
				PRODUCT_NAME = "$(TARGET_NAME)";
				SWIFT_VERSION = 4.2;
				TEST_HOST = "$(BUILT_PRODUCTS_DIR)/EscobaMac.app/Contents/MacOS/EscobaMac";
			};
			name = Debug;
		};
		65815294220F807D0016FE70 /* Release */ = {
			isa = XCBuildConfiguration;
			buildSettings = {
				ALWAYS_EMBED_SWIFT_STANDARD_LIBRARIES = YES;
				BUNDLE_LOADER = "$(TEST_HOST)";
				CODE_SIGN_STYLE = Automatic;
				COMBINE_HIDPI_IMAGES = YES;
				DEVELOPMENT_TEAM = PLY5RP22RG;
				INFOPLIST_FILE = EscobaMacTests/Info.plist;
				LD_RUNPATH_SEARCH_PATHS = (
					"$(inherited)",
					"@executable_path/../Frameworks",
					"@loader_path/../Frameworks",
				);
				PRODUCT_BUNDLE_IDENTIFIER = jcl.EscobaMacTests;
				PRODUCT_NAME = "$(TARGET_NAME)";
				SWIFT_VERSION = 4.2;
				TEST_HOST = "$(BUILT_PRODUCTS_DIR)/EscobaMac.app/Contents/MacOS/EscobaMac";
			};
			name = Release;
		};
/* End XCBuildConfiguration section */

/* Begin XCConfigurationList section */
		65815269220F807C0016FE70 /* Build configuration list for PBXProject "EscobaMac" */ = {
			isa = XCConfigurationList;
			buildConfigurations = (
				6581528D220F807D0016FE70 /* Debug */,
				6581528E220F807D0016FE70 /* Release */,
			);
			defaultConfigurationIsVisible = 0;
			defaultConfigurationName = Release;
		};
		6581528F220F807D0016FE70 /* Build configuration list for PBXNativeTarget "EscobaMac" */ = {
			isa = XCConfigurationList;
			buildConfigurations = (
				65815290220F807D0016FE70 /* Debug */,
				65815291220F807D0016FE70 /* Release */,
			);
			defaultConfigurationIsVisible = 0;
			defaultConfigurationName = Release;
		};
		65815292220F807D0016FE70 /* Build configuration list for PBXNativeTarget "EscobaMacTests" */ = {
			isa = XCConfigurationList;
			buildConfigurations = (
				65815293220F807D0016FE70 /* Debug */,
				65815294220F807D0016FE70 /* Release */,
			);
			defaultConfigurationIsVisible = 0;
			defaultConfigurationName = Release;
		};
/* End XCConfigurationList section */
	};
	rootObject = 65815266220F807C0016FE70 /* Project object */;
}
